// !$*UTF8*$!
{
	archiveVersion = 1;
	classes = {
	};
	objectVersion = 55;
	objects = {

/* Begin PBXBuildFile section */
		B651C32426E4BA2A005D64F9 /* CatsUseCaseTests.swift in Sources */ = {isa = PBXBuildFile; fileRef = B651C32326E4BA2A005D64F9 /* CatsUseCaseTests.swift */; };
		B69CEEA226F192B70097DC2C /* BaseLocalService.swift in Sources */ = {isa = PBXBuildFile; fileRef = B69CEEA126F192B70097DC2C /* BaseLocalService.swift */; };
		B69CEEA526F195580097DC2C /* Services.swift in Sources */ = {isa = PBXBuildFile; fileRef = B69CEEA426F195580097DC2C /* Services.swift */; };
		B69CEEA726F1959B0097DC2C /* UserLocalService.swift in Sources */ = {isa = PBXBuildFile; fileRef = B69CEEA626F1959B0097DC2C /* UserLocalService.swift */; };
		B69CEEA926F195DD0097DC2C /* CatFactsLocalService.swift in Sources */ = {isa = PBXBuildFile; fileRef = B69CEEA826F195DD0097DC2C /* CatFactsLocalService.swift */; };
		B6A3EAD226EC6CC100A19008 /* catty.xcdatamodeld in Sources */ = {isa = PBXBuildFile; fileRef = B6A3EAD026EC6CC100A19008 /* catty.xcdatamodeld */; };
		B6C9EB1926E3B24500B42874 /* CatsUseCase.swift in Sources */ = {isa = PBXBuildFile; fileRef = B6C9EB1826E3B24500B42874 /* CatsUseCase.swift */; };
		B6D1A5AE26F7655B00CE4C3A /* UserEntity.swift in Sources */ = {isa = PBXBuildFile; fileRef = B6D1A5AD26F7655B00CE4C3A /* UserEntity.swift */; };
		B6D1A5B026F7656500CE4C3A /* CatFactsEntity.swift in Sources */ = {isa = PBXBuildFile; fileRef = B6D1A5AF26F7656500CE4C3A /* CatFactsEntity.swift */; };
		B6FCA0CB26DCA23500243CAC /* CattyApp.swift in Sources */ = {isa = PBXBuildFile; fileRef = B6FCA0CA26DCA23500243CAC /* CattyApp.swift */; };
		B6FCA0CF26DCA23600243CAC /* Assets.xcassets in Resources */ = {isa = PBXBuildFile; fileRef = B6FCA0CE26DCA23600243CAC /* Assets.xcassets */; };
		B6FCA0D226DCA23600243CAC /* Preview Assets.xcassets in Resources */ = {isa = PBXBuildFile; fileRef = B6FCA0D126DCA23600243CAC /* Preview Assets.xcassets */; };
		B6FCA0E626DCA23600243CAC /* CattyUITests.swift in Sources */ = {isa = PBXBuildFile; fileRef = B6FCA0E526DCA23600243CAC /* CattyUITests.swift */; };
		B6FCA0E826DCA23700243CAC /* CattyUITestsLaunchTests.swift in Sources */ = {isa = PBXBuildFile; fileRef = B6FCA0E726DCA23700243CAC /* CattyUITestsLaunchTests.swift */; };
		B6FCA10B26DCA27C00243CAC /* CatLoversViewModel.swift in Sources */ = {isa = PBXBuildFile; fileRef = B6FCA0F626DCA27C00243CAC /* CatLoversViewModel.swift */; };
		B6FCA10C26DCA27C00243CAC /* User.swift in Sources */ = {isa = PBXBuildFile; fileRef = B6FCA0F826DCA27C00243CAC /* User.swift */; };
		B6FCA10D26DCA27C00243CAC /* CatFact.swift in Sources */ = {isa = PBXBuildFile; fileRef = B6FCA0F926DCA27C00243CAC /* CatFact.swift */; };
		B6FCA10E26DCA27C00243CAC /* UserRemoteService.swift in Sources */ = {isa = PBXBuildFile; fileRef = B6FCA0FB26DCA27C00243CAC /* UserRemoteService.swift */; };
		B6FCA10F26DCA27C00243CAC /* CatFactsRemoteService.swift in Sources */ = {isa = PBXBuildFile; fileRef = B6FCA0FC26DCA27C00243CAC /* CatFactsRemoteService.swift */; };
		B6FCA11026DCA27C00243CAC /* BaseAPIService.swift in Sources */ = {isa = PBXBuildFile; fileRef = B6FCA0FD26DCA27C00243CAC /* BaseAPIService.swift */; };
		B6FCA11126DCA27C00243CAC /* thread+extension.swift in Sources */ = {isa = PBXBuildFile; fileRef = B6FCA0FF26DCA27C00243CAC /* thread+extension.swift */; };
		B6FCA11226DCA27C00243CAC /* color+extension.swift in Sources */ = {isa = PBXBuildFile; fileRef = B6FCA10026DCA27C00243CAC /* color+extension.swift */; };
		B6FCA11326DCA27C00243CAC /* CatLoversView.swift in Sources */ = {isa = PBXBuildFile; fileRef = B6FCA10326DCA27C00243CAC /* CatLoversView.swift */; };
		B6FCA11426DCA27C00243CAC /* UserView.swift in Sources */ = {isa = PBXBuildFile; fileRef = B6FCA10526DCA27C00243CAC /* UserView.swift */; };
		B6FCA11526DCA27C00243CAC /* LoaderView.swift in Sources */ = {isa = PBXBuildFile; fileRef = B6FCA10626DCA27C00243CAC /* LoaderView.swift */; };
		B6FCA11626DCA27C00243CAC /* UserRepository.swift in Sources */ = {isa = PBXBuildFile; fileRef = B6FCA10826DCA27C00243CAC /* UserRepository.swift */; };
		B6FCA11726DCA27C00243CAC /* CatFactsRepository.swift in Sources */ = {isa = PBXBuildFile; fileRef = B6FCA10926DCA27C00243CAC /* CatFactsRepository.swift */; };
		B6FCA11926DCA36F00243CAC /* FactCardView.swift in Sources */ = {isa = PBXBuildFile; fileRef = B6FCA11826DCA36F00243CAC /* FactCardView.swift */; };
		B6FCA12326DCA61100243CAC /* CatLoversViewModelTests.swift in Sources */ = {isa = PBXBuildFile; fileRef = B6FCA11B26DCA61100243CAC /* CatLoversViewModelTests.swift */; };
		B6FCA12B26DCC30100243CAC /* Launch Screen.storyboard in Resources */ = {isa = PBXBuildFile; fileRef = B6FCA12A26DCC30100243CAC /* Launch Screen.storyboard */; };
		B6FCA12C26DD064E00243CAC /* Rules.swift in Sources */ = {isa = PBXBuildFile; fileRef = B6FCA11C26DCA61100243CAC /* Rules.swift */; };
		B6FCA12D26DD071C00243CAC /* MockUserRepository.swift in Sources */ = {isa = PBXBuildFile; fileRef = B6FCA11E26DCA61100243CAC /* MockUserRepository.swift */; };
		B6FCA12E26DD071C00243CAC /* MockCatFactsRepository.swift in Sources */ = {isa = PBXBuildFile; fileRef = B6FCA11F26DCA61100243CAC /* MockCatFactsRepository.swift */; };
		B6FCA14026DD1FFB00243CAC /* MockCatFactsService.swift in Sources */ = {isa = PBXBuildFile; fileRef = B6FCA13F26DD1FFB00243CAC /* MockCatFactsService.swift */; };
		B6FCA14226DD202300243CAC /* MockUserService.swift in Sources */ = {isa = PBXBuildFile; fileRef = B6FCA14126DD202300243CAC /* MockUserService.swift */; };
		B6FCA14426DD207600243CAC /* ActiveUsersView.swift in Sources */ = {isa = PBXBuildFile; fileRef = B6FCA14326DD207600243CAC /* ActiveUsersView.swift */; };
/* End PBXBuildFile section */

/* Begin PBXContainerItemProxy section */
		B6FCA0D826DCA23600243CAC /* PBXContainerItemProxy */ = {
			isa = PBXContainerItemProxy;
			containerPortal = B6FCA0BF26DCA23500243CAC /* Project object */;
			proxyType = 1;
			remoteGlobalIDString = B6FCA0C626DCA23500243CAC;
			remoteInfo = Catty;
		};
		B6FCA0E226DCA23600243CAC /* PBXContainerItemProxy */ = {
			isa = PBXContainerItemProxy;
			containerPortal = B6FCA0BF26DCA23500243CAC /* Project object */;
			proxyType = 1;
			remoteGlobalIDString = B6FCA0C626DCA23500243CAC;
			remoteInfo = Catty;
		};
/* End PBXContainerItemProxy section */

/* Begin PBXFileReference section */
		B651C32326E4BA2A005D64F9 /* CatsUseCaseTests.swift */ = {isa = PBXFileReference; lastKnownFileType = sourcecode.swift; path = CatsUseCaseTests.swift; sourceTree = "<group>"; };
		B69CEEA126F192B70097DC2C /* BaseLocalService.swift */ = {isa = PBXFileReference; lastKnownFileType = sourcecode.swift; path = BaseLocalService.swift; sourceTree = "<group>"; };
		B69CEEA426F195580097DC2C /* Services.swift */ = {isa = PBXFileReference; lastKnownFileType = sourcecode.swift; path = Services.swift; sourceTree = "<group>"; };
		B69CEEA626F1959B0097DC2C /* UserLocalService.swift */ = {isa = PBXFileReference; lastKnownFileType = sourcecode.swift; path = UserLocalService.swift; sourceTree = "<group>"; };
		B69CEEA826F195DD0097DC2C /* CatFactsLocalService.swift */ = {isa = PBXFileReference; lastKnownFileType = sourcecode.swift; path = CatFactsLocalService.swift; sourceTree = "<group>"; };
		B6A3EAD126EC6CC100A19008 /* catty.xcdatamodel */ = {isa = PBXFileReference; lastKnownFileType = wrapper.xcdatamodel; path = catty.xcdatamodel; sourceTree = "<group>"; };
		B6C9EB1826E3B24500B42874 /* CatsUseCase.swift */ = {isa = PBXFileReference; lastKnownFileType = sourcecode.swift; path = CatsUseCase.swift; sourceTree = "<group>"; };
		B6D1A5AD26F7655B00CE4C3A /* UserEntity.swift */ = {isa = PBXFileReference; lastKnownFileType = sourcecode.swift; path = UserEntity.swift; sourceTree = "<group>"; };
		B6D1A5AF26F7656500CE4C3A /* CatFactsEntity.swift */ = {isa = PBXFileReference; lastKnownFileType = sourcecode.swift; path = CatFactsEntity.swift; sourceTree = "<group>"; };
		B6FCA0C726DCA23500243CAC /* Catty.app */ = {isa = PBXFileReference; explicitFileType = wrapper.application; includeInIndex = 0; path = Catty.app; sourceTree = BUILT_PRODUCTS_DIR; };
		B6FCA0CA26DCA23500243CAC /* CattyApp.swift */ = {isa = PBXFileReference; lastKnownFileType = sourcecode.swift; path = CattyApp.swift; sourceTree = "<group>"; };
		B6FCA0CE26DCA23600243CAC /* Assets.xcassets */ = {isa = PBXFileReference; lastKnownFileType = folder.assetcatalog; path = Assets.xcassets; sourceTree = "<group>"; };
		B6FCA0D126DCA23600243CAC /* Preview Assets.xcassets */ = {isa = PBXFileReference; lastKnownFileType = folder.assetcatalog; path = "Preview Assets.xcassets"; sourceTree = "<group>"; };
		B6FCA0D726DCA23600243CAC /* CattyTests.xctest */ = {isa = PBXFileReference; explicitFileType = wrapper.cfbundle; includeInIndex = 0; path = CattyTests.xctest; sourceTree = BUILT_PRODUCTS_DIR; };
		B6FCA0E126DCA23600243CAC /* CattyUITests.xctest */ = {isa = PBXFileReference; explicitFileType = wrapper.cfbundle; includeInIndex = 0; path = CattyUITests.xctest; sourceTree = BUILT_PRODUCTS_DIR; };
		B6FCA0E526DCA23600243CAC /* CattyUITests.swift */ = {isa = PBXFileReference; lastKnownFileType = sourcecode.swift; path = CattyUITests.swift; sourceTree = "<group>"; };
		B6FCA0E726DCA23700243CAC /* CattyUITestsLaunchTests.swift */ = {isa = PBXFileReference; lastKnownFileType = sourcecode.swift; path = CattyUITestsLaunchTests.swift; sourceTree = "<group>"; };
		B6FCA0F626DCA27C00243CAC /* CatLoversViewModel.swift */ = {isa = PBXFileReference; fileEncoding = 4; lastKnownFileType = sourcecode.swift; path = CatLoversViewModel.swift; sourceTree = "<group>"; };
		B6FCA0F826DCA27C00243CAC /* User.swift */ = {isa = PBXFileReference; fileEncoding = 4; lastKnownFileType = sourcecode.swift; path = User.swift; sourceTree = "<group>"; };
		B6FCA0F926DCA27C00243CAC /* CatFact.swift */ = {isa = PBXFileReference; fileEncoding = 4; lastKnownFileType = sourcecode.swift; path = CatFact.swift; sourceTree = "<group>"; };
		B6FCA0FB26DCA27C00243CAC /* UserRemoteService.swift */ = {isa = PBXFileReference; fileEncoding = 4; lastKnownFileType = sourcecode.swift; path = UserRemoteService.swift; sourceTree = "<group>"; };
		B6FCA0FC26DCA27C00243CAC /* CatFactsRemoteService.swift */ = {isa = PBXFileReference; fileEncoding = 4; lastKnownFileType = sourcecode.swift; path = CatFactsRemoteService.swift; sourceTree = "<group>"; };
		B6FCA0FD26DCA27C00243CAC /* BaseAPIService.swift */ = {isa = PBXFileReference; fileEncoding = 4; lastKnownFileType = sourcecode.swift; path = BaseAPIService.swift; sourceTree = "<group>"; };
		B6FCA0FF26DCA27C00243CAC /* thread+extension.swift */ = {isa = PBXFileReference; fileEncoding = 4; lastKnownFileType = sourcecode.swift; path = "thread+extension.swift"; sourceTree = "<group>"; };
		B6FCA10026DCA27C00243CAC /* color+extension.swift */ = {isa = PBXFileReference; fileEncoding = 4; lastKnownFileType = sourcecode.swift; path = "color+extension.swift"; sourceTree = "<group>"; };
		B6FCA10326DCA27C00243CAC /* CatLoversView.swift */ = {isa = PBXFileReference; fileEncoding = 4; lastKnownFileType = sourcecode.swift; path = CatLoversView.swift; sourceTree = "<group>"; };
		B6FCA10526DCA27C00243CAC /* UserView.swift */ = {isa = PBXFileReference; fileEncoding = 4; lastKnownFileType = sourcecode.swift; path = UserView.swift; sourceTree = "<group>"; };
		B6FCA10626DCA27C00243CAC /* LoaderView.swift */ = {isa = PBXFileReference; fileEncoding = 4; lastKnownFileType = sourcecode.swift; path = LoaderView.swift; sourceTree = "<group>"; };
		B6FCA10826DCA27C00243CAC /* UserRepository.swift */ = {isa = PBXFileReference; fileEncoding = 4; lastKnownFileType = sourcecode.swift; path = UserRepository.swift; sourceTree = "<group>"; };
		B6FCA10926DCA27C00243CAC /* CatFactsRepository.swift */ = {isa = PBXFileReference; fileEncoding = 4; lastKnownFileType = sourcecode.swift; path = CatFactsRepository.swift; sourceTree = "<group>"; };
		B6FCA11826DCA36F00243CAC /* FactCardView.swift */ = {isa = PBXFileReference; lastKnownFileType = sourcecode.swift; path = FactCardView.swift; sourceTree = "<group>"; };
		B6FCA11B26DCA61100243CAC /* CatLoversViewModelTests.swift */ = {isa = PBXFileReference; fileEncoding = 4; lastKnownFileType = sourcecode.swift; path = CatLoversViewModelTests.swift; sourceTree = "<group>"; };
		B6FCA11C26DCA61100243CAC /* Rules.swift */ = {isa = PBXFileReference; fileEncoding = 4; lastKnownFileType = sourcecode.swift; path = Rules.swift; sourceTree = "<group>"; };
		B6FCA11E26DCA61100243CAC /* MockUserRepository.swift */ = {isa = PBXFileReference; fileEncoding = 4; lastKnownFileType = sourcecode.swift; path = MockUserRepository.swift; sourceTree = "<group>"; };
		B6FCA11F26DCA61100243CAC /* MockCatFactsRepository.swift */ = {isa = PBXFileReference; fileEncoding = 4; lastKnownFileType = sourcecode.swift; path = MockCatFactsRepository.swift; sourceTree = "<group>"; };
		B6FCA12926DCBB9E00243CAC /* Info.plist */ = {isa = PBXFileReference; lastKnownFileType = text.plist; path = Info.plist; sourceTree = "<group>"; };
		B6FCA12A26DCC30100243CAC /* Launch Screen.storyboard */ = {isa = PBXFileReference; lastKnownFileType = file.storyboard; path = "Launch Screen.storyboard"; sourceTree = "<group>"; };
		B6FCA13F26DD1FFB00243CAC /* MockCatFactsService.swift */ = {isa = PBXFileReference; lastKnownFileType = sourcecode.swift; path = MockCatFactsService.swift; sourceTree = "<group>"; };
		B6FCA14126DD202300243CAC /* MockUserService.swift */ = {isa = PBXFileReference; lastKnownFileType = sourcecode.swift; path = MockUserService.swift; sourceTree = "<group>"; };
		B6FCA14326DD207600243CAC /* ActiveUsersView.swift */ = {isa = PBXFileReference; fileEncoding = 4; lastKnownFileType = sourcecode.swift; path = ActiveUsersView.swift; sourceTree = "<group>"; };
/* End PBXFileReference section */

/* Begin PBXFrameworksBuildPhase section */
		B6FCA0C426DCA23500243CAC /* Frameworks */ = {
			isa = PBXFrameworksBuildPhase;
			buildActionMask = 2147483647;
			files = (
			);
			runOnlyForDeploymentPostprocessing = 0;
		};
		B6FCA0D426DCA23600243CAC /* Frameworks */ = {
			isa = PBXFrameworksBuildPhase;
			buildActionMask = 2147483647;
			files = (
			);
			runOnlyForDeploymentPostprocessing = 0;
		};
		B6FCA0DE26DCA23600243CAC /* Frameworks */ = {
			isa = PBXFrameworksBuildPhase;
			buildActionMask = 2147483647;
			files = (
			);
			runOnlyForDeploymentPostprocessing = 0;
		};
/* End PBXFrameworksBuildPhase section */

/* Begin PBXGroup section */
		B69CEE9F26F1928E0097DC2C /* Remote */ = {
			isa = PBXGroup;
			children = (
				B6FCA13E26DD1FA000243CAC /* MockServices */,
				B6FCA0FD26DCA27C00243CAC /* BaseAPIService.swift */,
				B6FCA0FB26DCA27C00243CAC /* UserRemoteService.swift */,
				B6FCA0FC26DCA27C00243CAC /* CatFactsRemoteService.swift */,
			);
			path = Remote;
			sourceTree = "<group>";
		};
		B69CEEA026F192950097DC2C /* Local */ = {
			isa = PBXGroup;
			children = (
				B69CEEA126F192B70097DC2C /* BaseLocalService.swift */,
				B69CEEA626F1959B0097DC2C /* UserLocalService.swift */,
				B69CEEA826F195DD0097DC2C /* CatFactsLocalService.swift */,
			);
			path = Local;
			sourceTree = "<group>";
		};
		B6C9EB1726E3857F00B42874 /* UseCase */ = {
			isa = PBXGroup;
			children = (
				B6C9EB1826E3B24500B42874 /* CatsUseCase.swift */,
			);
			path = UseCase;
			sourceTree = "<group>";
		};
		B6D1A5AC26F7654C00CE4C3A /* Entity */ = {
			isa = PBXGroup;
			children = (
				B6D1A5AD26F7655B00CE4C3A /* UserEntity.swift */,
				B6D1A5AF26F7656500CE4C3A /* CatFactsEntity.swift */,
			);
			path = Entity;
			sourceTree = "<group>";
		};
		B6FCA0BE26DCA23500243CAC = {
			isa = PBXGroup;
			children = (
				B6FCA0C926DCA23500243CAC /* Catty */,
				B6FCA0DA26DCA23600243CAC /* CattyTests */,
				B6FCA0E426DCA23600243CAC /* CattyUITests */,
				B6FCA0C826DCA23500243CAC /* Products */,
			);
			sourceTree = "<group>";
		};
		B6FCA0C826DCA23500243CAC /* Products */ = {
			isa = PBXGroup;
			children = (
				B6FCA0C726DCA23500243CAC /* Catty.app */,
				B6FCA0D726DCA23600243CAC /* CattyTests.xctest */,
				B6FCA0E126DCA23600243CAC /* CattyUITests.xctest */,
			);
			name = Products;
			sourceTree = "<group>";
		};
		B6FCA0C926DCA23500243CAC /* Catty */ = {
			isa = PBXGroup;
			children = (
				B6FCA12926DCBB9E00243CAC /* Info.plist */,
				B6FCA0CA26DCA23500243CAC /* CattyApp.swift */,
				B6FCA12A26DCC30100243CAC /* Launch Screen.storyboard */,
				B6FCA11C26DCA61100243CAC /* Rules.swift */,
				B6D1A5AC26F7654C00CE4C3A /* Entity */,
				B6C9EB1726E3857F00B42874 /* UseCase */,
				B6FCA0F726DCA27C00243CAC /* Models */,
				B6FCA10726DCA27C00243CAC /* Repositories */,
				B6FCA0FA26DCA27C00243CAC /* Services */,
				B6FCA0FE26DCA27C00243CAC /* Utilities */,
				B6FCA0F426DCA27C00243CAC /* ViewModel */,
				B6FCA10126DCA27C00243CAC /* Views */,
				B6FCA0CE26DCA23600243CAC /* Assets.xcassets */,
				B6A3EAD026EC6CC100A19008 /* catty.xcdatamodeld */,
				B6FCA0D026DCA23600243CAC /* Preview Content */,
			);
			path = Catty;
			sourceTree = "<group>";
		};
		B6FCA0D026DCA23600243CAC /* Preview Content */ = {
			isa = PBXGroup;
			children = (
				B6FCA0D126DCA23600243CAC /* Preview Assets.xcassets */,
			);
			path = "Preview Content";
			sourceTree = "<group>";
		};
		B6FCA0DA26DCA23600243CAC /* CattyTests */ = {
			isa = PBXGroup;
			children = (
				B6FCA11A26DCA61100243CAC /* Tests */,
			);
			path = CattyTests;
			sourceTree = "<group>";
		};
		B6FCA0E426DCA23600243CAC /* CattyUITests */ = {
			isa = PBXGroup;
			children = (
				B6FCA0E526DCA23600243CAC /* CattyUITests.swift */,
				B6FCA0E726DCA23700243CAC /* CattyUITestsLaunchTests.swift */,
			);
			path = CattyUITests;
			sourceTree = "<group>";
		};
		B6FCA0F426DCA27C00243CAC /* ViewModel */ = {
			isa = PBXGroup;
			children = (
				B6FCA0F626DCA27C00243CAC /* CatLoversViewModel.swift */,
			);
			path = ViewModel;
			sourceTree = "<group>";
		};
		B6FCA0F726DCA27C00243CAC /* Models */ = {
			isa = PBXGroup;
			children = (
				B6FCA0F826DCA27C00243CAC /* User.swift */,
				B6FCA0F926DCA27C00243CAC /* CatFact.swift */,
			);
			path = Models;
			sourceTree = "<group>";
		};
		B6FCA0FA26DCA27C00243CAC /* Services */ = {
			isa = PBXGroup;
			children = (
				B69CEEA426F195580097DC2C /* Services.swift */,
				B69CEEA026F192950097DC2C /* Local */,
				B69CEE9F26F1928E0097DC2C /* Remote */,
			);
			path = Services;
			sourceTree = "<group>";
		};
		B6FCA0FE26DCA27C00243CAC /* Utilities */ = {
			isa = PBXGroup;
			children = (
				B6FCA0FF26DCA27C00243CAC /* thread+extension.swift */,
				B6FCA10026DCA27C00243CAC /* color+extension.swift */,
			);
			path = Utilities;
			sourceTree = "<group>";
		};
		B6FCA10126DCA27C00243CAC /* Views */ = {
			isa = PBXGroup;
			children = (
				B6FCA10226DCA27C00243CAC /* CatLoversView */,
			);
			path = Views;
			sourceTree = "<group>";
		};
		B6FCA10226DCA27C00243CAC /* CatLoversView */ = {
			isa = PBXGroup;
			children = (
				B6FCA10326DCA27C00243CAC /* CatLoversView.swift */,
				B6FCA10426DCA27C00243CAC /* Components */,
			);
			path = CatLoversView;
			sourceTree = "<group>";
		};
		B6FCA10426DCA27C00243CAC /* Components */ = {
			isa = PBXGroup;
			children = (
				B6FCA10526DCA27C00243CAC /* UserView.swift */,
				B6FCA10626DCA27C00243CAC /* LoaderView.swift */,
				B6FCA11826DCA36F00243CAC /* FactCardView.swift */,
				B6FCA14326DD207600243CAC /* ActiveUsersView.swift */,
			);
			path = Components;
			sourceTree = "<group>";
		};
		B6FCA10726DCA27C00243CAC /* Repositories */ = {
			isa = PBXGroup;
			children = (
				B6FCA11D26DCA61100243CAC /* MockRepositories */,
				B6FCA10826DCA27C00243CAC /* UserRepository.swift */,
				B6FCA10926DCA27C00243CAC /* CatFactsRepository.swift */,
			);
			path = Repositories;
			sourceTree = "<group>";
		};
		B6FCA11A26DCA61100243CAC /* Tests */ = {
			isa = PBXGroup;
			children = (
				B6FCA11B26DCA61100243CAC /* CatLoversViewModelTests.swift */,
				B651C32326E4BA2A005D64F9 /* CatsUseCaseTests.swift */,
			);
			path = Tests;
			sourceTree = "<group>";
		};
		B6FCA11D26DCA61100243CAC /* MockRepositories */ = {
			isa = PBXGroup;
			children = (
				B6FCA11E26DCA61100243CAC /* MockUserRepository.swift */,
				B6FCA11F26DCA61100243CAC /* MockCatFactsRepository.swift */,
			);
			path = MockRepositories;
			sourceTree = "<group>";
		};
		B6FCA13E26DD1FA000243CAC /* MockServices */ = {
			isa = PBXGroup;
			children = (
				B6FCA13F26DD1FFB00243CAC /* MockCatFactsService.swift */,
				B6FCA14126DD202300243CAC /* MockUserService.swift */,
			);
			path = MockServices;
			sourceTree = "<group>";
		};
/* End PBXGroup section */

/* Begin PBXNativeTarget section */
		B6FCA0C626DCA23500243CAC /* Catty */ = {
			isa = PBXNativeTarget;
			buildConfigurationList = B6FCA0EB26DCA23700243CAC /* Build configuration list for PBXNativeTarget "Catty" */;
			buildPhases = (
				B6FCA0C326DCA23500243CAC /* Sources */,
				B6FCA0C426DCA23500243CAC /* Frameworks */,
				B6FCA0C526DCA23500243CAC /* Resources */,
			);
			buildRules = (
			);
			dependencies = (
			);
			name = Catty;
			packageProductDependencies = (
			);
			productName = Catty;
			productReference = B6FCA0C726DCA23500243CAC /* Catty.app */;
			productType = "com.apple.product-type.application";
		};
		B6FCA0D626DCA23600243CAC /* CattyTests */ = {
			isa = PBXNativeTarget;
			buildConfigurationList = B6FCA0EE26DCA23700243CAC /* Build configuration list for PBXNativeTarget "CattyTests" */;
			buildPhases = (
				B6FCA0D326DCA23600243CAC /* Sources */,
				B6FCA0D426DCA23600243CAC /* Frameworks */,
				B6FCA0D526DCA23600243CAC /* Resources */,
			);
			buildRules = (
			);
			dependencies = (
				B6FCA0D926DCA23600243CAC /* PBXTargetDependency */,
			);
			name = CattyTests;
			productName = CattyTests;
			productReference = B6FCA0D726DCA23600243CAC /* CattyTests.xctest */;
			productType = "com.apple.product-type.bundle.unit-test";
		};
		B6FCA0E026DCA23600243CAC /* CattyUITests */ = {
			isa = PBXNativeTarget;
			buildConfigurationList = B6FCA0F126DCA23700243CAC /* Build configuration list for PBXNativeTarget "CattyUITests" */;
			buildPhases = (
				B6FCA0DD26DCA23600243CAC /* Sources */,
				B6FCA0DE26DCA23600243CAC /* Frameworks */,
				B6FCA0DF26DCA23600243CAC /* Resources */,
			);
			buildRules = (
			);
			dependencies = (
				B6FCA0E326DCA23600243CAC /* PBXTargetDependency */,
			);
			name = CattyUITests;
			productName = CattyUITests;
			productReference = B6FCA0E126DCA23600243CAC /* CattyUITests.xctest */;
			productType = "com.apple.product-type.bundle.ui-testing";
		};
/* End PBXNativeTarget section */

/* Begin PBXProject section */
		B6FCA0BF26DCA23500243CAC /* Project object */ = {
			isa = PBXProject;
			attributes = {
				BuildIndependentTargetsInParallel = 1;
				LastSwiftUpdateCheck = 1300;
				LastUpgradeCheck = 1300;
				TargetAttributes = {
					B6FCA0C626DCA23500243CAC = {
						CreatedOnToolsVersion = 13.0;
					};
					B6FCA0D626DCA23600243CAC = {
						CreatedOnToolsVersion = 13.0;
						TestTargetID = B6FCA0C626DCA23500243CAC;
					};
					B6FCA0E026DCA23600243CAC = {
						CreatedOnToolsVersion = 13.0;
						TestTargetID = B6FCA0C626DCA23500243CAC;
					};
				};
			};
			buildConfigurationList = B6FCA0C226DCA23500243CAC /* Build configuration list for PBXProject "Catty" */;
			compatibilityVersion = "Xcode 13.0";
			developmentRegion = en;
			hasScannedForEncodings = 0;
			knownRegions = (
				en,
				Base,
			);
			mainGroup = B6FCA0BE26DCA23500243CAC;
			packageReferences = (
			);
			productRefGroup = B6FCA0C826DCA23500243CAC /* Products */;
			projectDirPath = "";
			projectRoot = "";
			targets = (
				B6FCA0C626DCA23500243CAC /* Catty */,
				B6FCA0D626DCA23600243CAC /* CattyTests */,
				B6FCA0E026DCA23600243CAC /* CattyUITests */,
			);
		};
/* End PBXProject section */

/* Begin PBXResourcesBuildPhase section */
		B6FCA0C526DCA23500243CAC /* Resources */ = {
			isa = PBXResourcesBuildPhase;
			buildActionMask = 2147483647;
			files = (
				B6FCA12B26DCC30100243CAC /* Launch Screen.storyboard in Resources */,
				B6FCA0D226DCA23600243CAC /* Preview Assets.xcassets in Resources */,
				B6FCA0CF26DCA23600243CAC /* Assets.xcassets in Resources */,
			);
			runOnlyForDeploymentPostprocessing = 0;
		};
		B6FCA0D526DCA23600243CAC /* Resources */ = {
			isa = PBXResourcesBuildPhase;
			buildActionMask = 2147483647;
			files = (
			);
			runOnlyForDeploymentPostprocessing = 0;
		};
		B6FCA0DF26DCA23600243CAC /* Resources */ = {
			isa = PBXResourcesBuildPhase;
			buildActionMask = 2147483647;
			files = (
			);
			runOnlyForDeploymentPostprocessing = 0;
		};
/* End PBXResourcesBuildPhase section */

/* Begin PBXSourcesBuildPhase section */
		B6FCA0C326DCA23500243CAC /* Sources */ = {
			isa = PBXSourcesBuildPhase;
			buildActionMask = 2147483647;
			files = (
				B6FCA10C26DCA27C00243CAC /* User.swift in Sources */,
				B6FCA12C26DD064E00243CAC /* Rules.swift in Sources */,
				B6A3EAD226EC6CC100A19008 /* catty.xcdatamodeld in Sources */,
				B6FCA11726DCA27C00243CAC /* CatFactsRepository.swift in Sources */,
				B6FCA12D26DD071C00243CAC /* MockUserRepository.swift in Sources */,
				B6FCA11326DCA27C00243CAC /* CatLoversView.swift in Sources */,
				B6FCA11126DCA27C00243CAC /* thread+extension.swift in Sources */,
				B6FCA11926DCA36F00243CAC /* FactCardView.swift in Sources */,
				B6D1A5B026F7656500CE4C3A /* CatFactsEntity.swift in Sources */,
				B69CEEA226F192B70097DC2C /* BaseLocalService.swift in Sources */,
				B6FCA11526DCA27C00243CAC /* LoaderView.swift in Sources */,
				B69CEEA526F195580097DC2C /* Services.swift in Sources */,
				B6D1A5AE26F7655B00CE4C3A /* UserEntity.swift in Sources */,
				B6FCA11426DCA27C00243CAC /* UserView.swift in Sources */,
				B6C9EB1926E3B24500B42874 /* CatsUseCase.swift in Sources */,
				B6FCA10E26DCA27C00243CAC /* UserRemoteService.swift in Sources */,
				B6FCA14026DD1FFB00243CAC /* MockCatFactsService.swift in Sources */,
				B69CEEA926F195DD0097DC2C /* CatFactsLocalService.swift in Sources */,
				B6FCA10B26DCA27C00243CAC /* CatLoversViewModel.swift in Sources */,
				B6FCA10F26DCA27C00243CAC /* CatFactsRemoteService.swift in Sources */,
				B6FCA14426DD207600243CAC /* ActiveUsersView.swift in Sources */,
				B6FCA11026DCA27C00243CAC /* BaseAPIService.swift in Sources */,
				B6FCA14226DD202300243CAC /* MockUserService.swift in Sources */,
				B6FCA11626DCA27C00243CAC /* UserRepository.swift in Sources */,
				B6FCA12E26DD071C00243CAC /* MockCatFactsRepository.swift in Sources */,
				B69CEEA726F1959B0097DC2C /* UserLocalService.swift in Sources */,
				B6FCA10D26DCA27C00243CAC /* CatFact.swift in Sources */,
				B6FCA0CB26DCA23500243CAC /* CattyApp.swift in Sources */,
				B6FCA11226DCA27C00243CAC /* color+extension.swift in Sources */,
			);
			runOnlyForDeploymentPostprocessing = 0;
		};
		B6FCA0D326DCA23600243CAC /* Sources */ = {
			isa = PBXSourcesBuildPhase;
			buildActionMask = 2147483647;
			files = (
				B651C32426E4BA2A005D64F9 /* CatsUseCaseTests.swift in Sources */,
				B6FCA12326DCA61100243CAC /* CatLoversViewModelTests.swift in Sources */,
			);
			runOnlyForDeploymentPostprocessing = 0;
		};
		B6FCA0DD26DCA23600243CAC /* Sources */ = {
			isa = PBXSourcesBuildPhase;
			buildActionMask = 2147483647;
			files = (
				B6FCA0E826DCA23700243CAC /* CattyUITestsLaunchTests.swift in Sources */,
				B6FCA0E626DCA23600243CAC /* CattyUITests.swift in Sources */,
			);
			runOnlyForDeploymentPostprocessing = 0;
		};
/* End PBXSourcesBuildPhase section */

/* Begin PBXTargetDependency section */
		B6FCA0D926DCA23600243CAC /* PBXTargetDependency */ = {
			isa = PBXTargetDependency;
			target = B6FCA0C626DCA23500243CAC /* Catty */;
			targetProxy = B6FCA0D826DCA23600243CAC /* PBXContainerItemProxy */;
		};
		B6FCA0E326DCA23600243CAC /* PBXTargetDependency */ = {
			isa = PBXTargetDependency;
			target = B6FCA0C626DCA23500243CAC /* Catty */;
			targetProxy = B6FCA0E226DCA23600243CAC /* PBXContainerItemProxy */;
		};
/* End PBXTargetDependency section */

/* Begin XCBuildConfiguration section */
		B6FCA0E926DCA23700243CAC /* Debug */ = {
			isa = XCBuildConfiguration;
			buildSettings = {
				ALWAYS_SEARCH_USER_PATHS = NO;
				CLANG_ANALYZER_NONNULL = YES;
				CLANG_ANALYZER_NUMBER_OBJECT_CONVERSION = YES_AGGRESSIVE;
				CLANG_CXX_LANGUAGE_STANDARD = "gnu++17";
				CLANG_CXX_LIBRARY = "libc++";
				CLANG_ENABLE_MODULES = YES;
				CLANG_ENABLE_OBJC_ARC = YES;
				CLANG_ENABLE_OBJC_WEAK = YES;
				CLANG_WARN_BLOCK_CAPTURE_AUTORELEASING = YES;
				CLANG_WARN_BOOL_CONVERSION = YES;
				CLANG_WARN_COMMA = YES;
				CLANG_WARN_CONSTANT_CONVERSION = YES;
				CLANG_WARN_DEPRECATED_OBJC_IMPLEMENTATIONS = YES;
				CLANG_WARN_DIRECT_OBJC_ISA_USAGE = YES_ERROR;
				CLANG_WARN_DOCUMENTATION_COMMENTS = YES;
				CLANG_WARN_EMPTY_BODY = YES;
				CLANG_WARN_ENUM_CONVERSION = YES;
				CLANG_WARN_INFINITE_RECURSION = YES;
				CLANG_WARN_INT_CONVERSION = YES;
				CLANG_WARN_NON_LITERAL_NULL_CONVERSION = YES;
				CLANG_WARN_OBJC_IMPLICIT_RETAIN_SELF = YES;
				CLANG_WARN_OBJC_LITERAL_CONVERSION = YES;
				CLANG_WARN_OBJC_ROOT_CLASS = YES_ERROR;
				CLANG_WARN_QUOTED_INCLUDE_IN_FRAMEWORK_HEADER = YES;
				CLANG_WARN_RANGE_LOOP_ANALYSIS = YES;
				CLANG_WARN_STRICT_PROTOTYPES = YES;
				CLANG_WARN_SUSPICIOUS_MOVE = YES;
				CLANG_WARN_UNGUARDED_AVAILABILITY = YES_AGGRESSIVE;
				CLANG_WARN_UNREACHABLE_CODE = YES;
				CLANG_WARN__DUPLICATE_METHOD_MATCH = YES;
				COPY_PHASE_STRIP = NO;
				DEBUG_INFORMATION_FORMAT = dwarf;
				ENABLE_STRICT_OBJC_MSGSEND = YES;
				ENABLE_TESTABILITY = YES;
				GCC_C_LANGUAGE_STANDARD = gnu11;
				GCC_DYNAMIC_NO_PIC = NO;
				GCC_NO_COMMON_BLOCKS = YES;
				GCC_OPTIMIZATION_LEVEL = 0;
				GCC_PREPROCESSOR_DEFINITIONS = (
					"DEBUG=1",
					"$(inherited)",
				);
				GCC_WARN_64_TO_32_BIT_CONVERSION = YES;
				GCC_WARN_ABOUT_RETURN_TYPE = YES_ERROR;
				GCC_WARN_UNDECLARED_SELECTOR = YES;
				GCC_WARN_UNINITIALIZED_AUTOS = YES_AGGRESSIVE;
				GCC_WARN_UNUSED_FUNCTION = YES;
				GCC_WARN_UNUSED_VARIABLE = YES;
				IPHONEOS_DEPLOYMENT_TARGET = 15.0;
				MTL_ENABLE_DEBUG_INFO = INCLUDE_SOURCE;
				MTL_FAST_MATH = YES;
				ONLY_ACTIVE_ARCH = YES;
				SDKROOT = iphoneos;
				SWIFT_ACTIVE_COMPILATION_CONDITIONS = DEBUG;
				SWIFT_OPTIMIZATION_LEVEL = "-Onone";
			};
			name = Debug;
		};
		B6FCA0EA26DCA23700243CAC /* Release */ = {
			isa = XCBuildConfiguration;
			buildSettings = {
				ALWAYS_SEARCH_USER_PATHS = NO;
				CLANG_ANALYZER_NONNULL = YES;
				CLANG_ANALYZER_NUMBER_OBJECT_CONVERSION = YES_AGGRESSIVE;
				CLANG_CXX_LANGUAGE_STANDARD = "gnu++17";
				CLANG_CXX_LIBRARY = "libc++";
				CLANG_ENABLE_MODULES = YES;
				CLANG_ENABLE_OBJC_ARC = YES;
				CLANG_ENABLE_OBJC_WEAK = YES;
				CLANG_WARN_BLOCK_CAPTURE_AUTORELEASING = YES;
				CLANG_WARN_BOOL_CONVERSION = YES;
				CLANG_WARN_COMMA = YES;
				CLANG_WARN_CONSTANT_CONVERSION = YES;
				CLANG_WARN_DEPRECATED_OBJC_IMPLEMENTATIONS = YES;
				CLANG_WARN_DIRECT_OBJC_ISA_USAGE = YES_ERROR;
				CLANG_WARN_DOCUMENTATION_COMMENTS = YES;
				CLANG_WARN_EMPTY_BODY = YES;
				CLANG_WARN_ENUM_CONVERSION = YES;
				CLANG_WARN_INFINITE_RECURSION = YES;
				CLANG_WARN_INT_CONVERSION = YES;
				CLANG_WARN_NON_LITERAL_NULL_CONVERSION = YES;
				CLANG_WARN_OBJC_IMPLICIT_RETAIN_SELF = YES;
				CLANG_WARN_OBJC_LITERAL_CONVERSION = YES;
				CLANG_WARN_OBJC_ROOT_CLASS = YES_ERROR;
				CLANG_WARN_QUOTED_INCLUDE_IN_FRAMEWORK_HEADER = YES;
				CLANG_WARN_RANGE_LOOP_ANALYSIS = YES;
				CLANG_WARN_STRICT_PROTOTYPES = YES;
				CLANG_WARN_SUSPICIOUS_MOVE = YES;
				CLANG_WARN_UNGUARDED_AVAILABILITY = YES_AGGRESSIVE;
				CLANG_WARN_UNREACHABLE_CODE = YES;
				CLANG_WARN__DUPLICATE_METHOD_MATCH = YES;
				COPY_PHASE_STRIP = NO;
				DEBUG_INFORMATION_FORMAT = "dwarf-with-dsym";
				ENABLE_NS_ASSERTIONS = NO;
				ENABLE_STRICT_OBJC_MSGSEND = YES;
				GCC_C_LANGUAGE_STANDARD = gnu11;
				GCC_NO_COMMON_BLOCKS = YES;
				GCC_WARN_64_TO_32_BIT_CONVERSION = YES;
				GCC_WARN_ABOUT_RETURN_TYPE = YES_ERROR;
				GCC_WARN_UNDECLARED_SELECTOR = YES;
				GCC_WARN_UNINITIALIZED_AUTOS = YES_AGGRESSIVE;
				GCC_WARN_UNUSED_FUNCTION = YES;
				GCC_WARN_UNUSED_VARIABLE = YES;
				IPHONEOS_DEPLOYMENT_TARGET = 15.0;
				MTL_ENABLE_DEBUG_INFO = NO;
				MTL_FAST_MATH = YES;
				SDKROOT = iphoneos;
				SWIFT_COMPILATION_MODE = wholemodule;
				SWIFT_OPTIMIZATION_LEVEL = "-O";
				VALIDATE_PRODUCT = YES;
			};
			name = Release;
		};
		B6FCA0EC26DCA23700243CAC /* Debug */ = {
			isa = XCBuildConfiguration;
			buildSettings = {
				ASSETCATALOG_COMPILER_APPICON_NAME = AppIcon;
				ASSETCATALOG_COMPILER_GLOBAL_ACCENT_COLOR_NAME = AccentColor;
				CODE_SIGN_STYLE = Automatic;
				CURRENT_PROJECT_VERSION = 1;
				DEVELOPMENT_ASSET_PATHS = "\"Catty/Preview Content\"";
				DEVELOPMENT_TEAM = YL52YHAX7H;
				ENABLE_PREVIEWS = YES;
				GENERATE_INFOPLIST_FILE = YES;
				INFOPLIST_FILE = Catty/Info.plist;
				INFOPLIST_KEY_UIApplicationSceneManifest_Generation = YES;
				INFOPLIST_KEY_UIApplicationSupportsIndirectInputEvents = YES;
				INFOPLIST_KEY_UILaunchStoryboardName = "Launch Screen";
				INFOPLIST_KEY_UISupportedInterfaceOrientations_iPad = "UIInterfaceOrientationPortrait UIInterfaceOrientationPortraitUpsideDown UIInterfaceOrientationLandscapeLeft UIInterfaceOrientationLandscapeRight";
				INFOPLIST_KEY_UISupportedInterfaceOrientations_iPhone = "UIInterfaceOrientationPortrait UIInterfaceOrientationLandscapeLeft UIInterfaceOrientationLandscapeRight";
				IPHONEOS_DEPLOYMENT_TARGET = 15.0;
				LD_RUNPATH_SEARCH_PATHS = (
					"$(inherited)",
					"@executable_path/Frameworks",
				);
				MARKETING_VERSION = 1.0;
				PRODUCT_BUNDLE_IDENTIFIER = com.malav.Catty;
				PRODUCT_NAME = "$(TARGET_NAME)";
				SWIFT_EMIT_LOC_STRINGS = YES;
				SWIFT_VERSION = 5.0;
				TARGETED_DEVICE_FAMILY = "1,2";
			};
			name = Debug;
		};
		B6FCA0ED26DCA23700243CAC /* Release */ = {
			isa = XCBuildConfiguration;
			buildSettings = {
				ASSETCATALOG_COMPILER_APPICON_NAME = AppIcon;
				ASSETCATALOG_COMPILER_GLOBAL_ACCENT_COLOR_NAME = AccentColor;
				CODE_SIGN_STYLE = Automatic;
				CURRENT_PROJECT_VERSION = 1;
				DEVELOPMENT_ASSET_PATHS = "\"Catty/Preview Content\"";
				DEVELOPMENT_TEAM = YL52YHAX7H;
				ENABLE_PREVIEWS = YES;
				GENERATE_INFOPLIST_FILE = YES;
				INFOPLIST_FILE = Catty/Info.plist;
				INFOPLIST_KEY_UIApplicationSceneManifest_Generation = YES;
				INFOPLIST_KEY_UIApplicationSupportsIndirectInputEvents = YES;
				INFOPLIST_KEY_UILaunchStoryboardName = "Launch Screen";
				INFOPLIST_KEY_UISupportedInterfaceOrientations_iPad = "UIInterfaceOrientationPortrait UIInterfaceOrientationPortraitUpsideDown UIInterfaceOrientationLandscapeLeft UIInterfaceOrientationLandscapeRight";
				INFOPLIST_KEY_UISupportedInterfaceOrientations_iPhone = "UIInterfaceOrientationPortrait UIInterfaceOrientationLandscapeLeft UIInterfaceOrientationLandscapeRight";
				IPHONEOS_DEPLOYMENT_TARGET = 15.0;
				LD_RUNPATH_SEARCH_PATHS = (
					"$(inherited)",
					"@executable_path/Frameworks",
				);
				MARKETING_VERSION = 1.0;
				PRODUCT_BUNDLE_IDENTIFIER = com.malav.Catty;
				PRODUCT_NAME = "$(TARGET_NAME)";
				SWIFT_EMIT_LOC_STRINGS = YES;
				SWIFT_VERSION = 5.0;
				TARGETED_DEVICE_FAMILY = "1,2";
			};
			name = Release;
		};
		B6FCA0EF26DCA23700243CAC /* Debug */ = {
			isa = XCBuildConfiguration;
			buildSettings = {
				ALWAYS_EMBED_SWIFT_STANDARD_LIBRARIES = YES;
				BUNDLE_LOADER = "$(TEST_HOST)";
				CODE_SIGN_STYLE = Automatic;
				CURRENT_PROJECT_VERSION = 1;
				DEVELOPMENT_TEAM = YL52YHAX7H;
				GENERATE_INFOPLIST_FILE = YES;
				IPHONEOS_DEPLOYMENT_TARGET = 15.0;
				LD_RUNPATH_SEARCH_PATHS = (
					"$(inherited)",
					"@executable_path/Frameworks",
					"@loader_path/Frameworks",
				);
				MARKETING_VERSION = 1.0;
				PRODUCT_BUNDLE_IDENTIFIER = com.malav.CattyTests;
				PRODUCT_NAME = "$(TARGET_NAME)";
				SWIFT_EMIT_LOC_STRINGS = NO;
				SWIFT_VERSION = 5.0;
				TARGETED_DEVICE_FAMILY = "1,2";
				TEST_HOST = "$(BUILT_PRODUCTS_DIR)/Catty.app/Catty";
			};
			name = Debug;
		};
		B6FCA0F026DCA23700243CAC /* Release */ = {
			isa = XCBuildConfiguration;
			buildSettings = {
				ALWAYS_EMBED_SWIFT_STANDARD_LIBRARIES = YES;
				BUNDLE_LOADER = "$(TEST_HOST)";
				CODE_SIGN_STYLE = Automatic;
				CURRENT_PROJECT_VERSION = 1;
				DEVELOPMENT_TEAM = YL52YHAX7H;
				GENERATE_INFOPLIST_FILE = YES;
				IPHONEOS_DEPLOYMENT_TARGET = 15.0;
				LD_RUNPATH_SEARCH_PATHS = (
					"$(inherited)",
					"@executable_path/Frameworks",
					"@loader_path/Frameworks",
				);
				MARKETING_VERSION = 1.0;
				PRODUCT_BUNDLE_IDENTIFIER = com.malav.CattyTests;
				PRODUCT_NAME = "$(TARGET_NAME)";
				SWIFT_EMIT_LOC_STRINGS = NO;
				SWIFT_VERSION = 5.0;
				TARGETED_DEVICE_FAMILY = "1,2";
				TEST_HOST = "$(BUILT_PRODUCTS_DIR)/Catty.app/Catty";
			};
			name = Release;
		};
		B6FCA0F226DCA23700243CAC /* Debug */ = {
			isa = XCBuildConfiguration;
			buildSettings = {
				ALWAYS_EMBED_SWIFT_STANDARD_LIBRARIES = YES;
				CODE_SIGN_STYLE = Automatic;
				CURRENT_PROJECT_VERSION = 1;
				DEVELOPMENT_TEAM = YL52YHAX7H;
				GENERATE_INFOPLIST_FILE = YES;
				LD_RUNPATH_SEARCH_PATHS = (
					"$(inherited)",
					"@executable_path/Frameworks",
					"@loader_path/Frameworks",
				);
				MARKETING_VERSION = 1.0;
				PRODUCT_BUNDLE_IDENTIFIER = com.malav.CattyUITests;
				PRODUCT_NAME = "$(TARGET_NAME)";
				SWIFT_EMIT_LOC_STRINGS = NO;
				SWIFT_VERSION = 5.0;
				TARGETED_DEVICE_FAMILY = "1,2";
				TEST_TARGET_NAME = Catty;
			};
			name = Debug;
		};
		B6FCA0F326DCA23700243CAC /* Release */ = {
			isa = XCBuildConfiguration;
			buildSettings = {
				ALWAYS_EMBED_SWIFT_STANDARD_LIBRARIES = YES;
				CODE_SIGN_STYLE = Automatic;
				CURRENT_PROJECT_VERSION = 1;
				DEVELOPMENT_TEAM = YL52YHAX7H;
				GENERATE_INFOPLIST_FILE = YES;
				LD_RUNPATH_SEARCH_PATHS = (
					"$(inherited)",
					"@executable_path/Frameworks",
					"@loader_path/Frameworks",
				);
				MARKETING_VERSION = 1.0;
				PRODUCT_BUNDLE_IDENTIFIER = com.malav.CattyUITests;
				PRODUCT_NAME = "$(TARGET_NAME)";
				SWIFT_EMIT_LOC_STRINGS = NO;
				SWIFT_VERSION = 5.0;
				TARGETED_DEVICE_FAMILY = "1,2";
				TEST_TARGET_NAME = Catty;
			};
			name = Release;
		};
/* End XCBuildConfiguration section */

/* Begin XCConfigurationList section */
		B6FCA0C226DCA23500243CAC /* Build configuration list for PBXProject "Catty" */ = {
			isa = XCConfigurationList;
			buildConfigurations = (
				B6FCA0E926DCA23700243CAC /* Debug */,
				B6FCA0EA26DCA23700243CAC /* Release */,
			);
			defaultConfigurationIsVisible = 0;
			defaultConfigurationName = Release;
		};
		B6FCA0EB26DCA23700243CAC /* Build configuration list for PBXNativeTarget "Catty" */ = {
			isa = XCConfigurationList;
			buildConfigurations = (
				B6FCA0EC26DCA23700243CAC /* Debug */,
				B6FCA0ED26DCA23700243CAC /* Release */,
			);
			defaultConfigurationIsVisible = 0;
			defaultConfigurationName = Release;
		};
		B6FCA0EE26DCA23700243CAC /* Build configuration list for PBXNativeTarget "CattyTests" */ = {
			isa = XCConfigurationList;
			buildConfigurations = (
				B6FCA0EF26DCA23700243CAC /* Debug */,
				B6FCA0F026DCA23700243CAC /* Release */,
			);
			defaultConfigurationIsVisible = 0;
			defaultConfigurationName = Release;
		};
		B6FCA0F126DCA23700243CAC /* Build configuration list for PBXNativeTarget "CattyUITests" */ = {
			isa = XCConfigurationList;
			buildConfigurations = (
				B6FCA0F226DCA23700243CAC /* Debug */,
				B6FCA0F326DCA23700243CAC /* Release */,
			);
			defaultConfigurationIsVisible = 0;
			defaultConfigurationName = Release;
		};
/* End XCConfigurationList section */

/* Begin XCVersionGroup section */
		B6A3EAD026EC6CC100A19008 /* catty.xcdatamodeld */ = {
			isa = XCVersionGroup;
			children = (
				B6A3EAD126EC6CC100A19008 /* catty.xcdatamodel */,
			);
			currentVersion = B6A3EAD126EC6CC100A19008 /* catty.xcdatamodel */;
			path = catty.xcdatamodeld;
			sourceTree = "<group>";
			versionGroupType = wrapper.xcdatamodel;
		};
/* End XCVersionGroup section */
	};
	rootObject = B6FCA0BF26DCA23500243CAC /* Project object */;
}
